// !$*UTF8*$!
{
	archiveVersion = 1;
	classes = {
	};
	objectVersion = 56;
	objects = {

/* Begin PBXBuildFile section */
		782ABFBB29508CB100A8D6AC /* Adelle_BoldItalic.otf in Resources */ = {isa = PBXBuildFile; fileRef = 782ABFAF29508CB100A8D6AC /* Adelle_BoldItalic.otf */; };
		782ABFBC29508CB100A8D6AC /* Adelle_HeavyItalic.otf in Resources */ = {isa = PBXBuildFile; fileRef = 782ABFB029508CB100A8D6AC /* Adelle_HeavyItalic.otf */; };
		782ABFBD29508CB100A8D6AC /* Adelle_Heavy.otf in Resources */ = {isa = PBXBuildFile; fileRef = 782ABFB129508CB100A8D6AC /* Adelle_Heavy.otf */; };
		782ABFBE29508CB100A8D6AC /* Adelle_light.otf in Resources */ = {isa = PBXBuildFile; fileRef = 782ABFB229508CB100A8D6AC /* Adelle_light.otf */; };
		782ABFBF29508CB100A8D6AC /* Adelle_ExtraBold.otf in Resources */ = {isa = PBXBuildFile; fileRef = 782ABFB329508CB100A8D6AC /* Adelle_ExtraBold.otf */; };
		782ABFC029508CB100A8D6AC /* Adelle_Regular.otf in Resources */ = {isa = PBXBuildFile; fileRef = 782ABFB429508CB100A8D6AC /* Adelle_Regular.otf */; };
		782ABFC129508CB100A8D6AC /* Adelle_Bold.otf in Resources */ = {isa = PBXBuildFile; fileRef = 782ABFB529508CB100A8D6AC /* Adelle_Bold.otf */; };
		782ABFC229508CB100A8D6AC /* Adelle_Italic.otf in Resources */ = {isa = PBXBuildFile; fileRef = 782ABFB629508CB100A8D6AC /* Adelle_Italic.otf */; };
		782ABFC329508CB100A8D6AC /* Adelle_LightItalic.otf in Resources */ = {isa = PBXBuildFile; fileRef = 782ABFB729508CB100A8D6AC /* Adelle_LightItalic.otf */; };
		782ABFC429508CB100A8D6AC /* Adelle_SemiBold.otf in Resources */ = {isa = PBXBuildFile; fileRef = 782ABFB829508CB100A8D6AC /* Adelle_SemiBold.otf */; };
		782ABFC529508CB100A8D6AC /* Adelle_SemiBoldItalic.otf in Resources */ = {isa = PBXBuildFile; fileRef = 782ABFB929508CB100A8D6AC /* Adelle_SemiBoldItalic.otf */; };
		782ABFC629508CB100A8D6AC /* Adelle_ExtraBoldItalic.otf in Resources */ = {isa = PBXBuildFile; fileRef = 782ABFBA29508CB100A8D6AC /* Adelle_ExtraBoldItalic.otf */; };
		7870089A2959DB41007A7BF7 /* FirebaseAuth in Frameworks */ = {isa = PBXBuildFile; productRef = 787008992959DB41007A7BF7 /* FirebaseAuth */; };
		7870089C2959DB41007A7BF7 /* FirebaseAuthCombine-Community in Frameworks */ = {isa = PBXBuildFile; productRef = 7870089B2959DB41007A7BF7 /* FirebaseAuthCombine-Community */; };
		7870089E2959DB41007A7BF7 /* FirebaseFirestore in Frameworks */ = {isa = PBXBuildFile; productRef = 7870089D2959DB41007A7BF7 /* FirebaseFirestore */; };
		787008A02959DB41007A7BF7 /* FirebaseFirestoreCombine-Community in Frameworks */ = {isa = PBXBuildFile; productRef = 7870089F2959DB41007A7BF7 /* FirebaseFirestoreCombine-Community */; };
		787008A22959DB41007A7BF7 /* FirebaseFirestoreSwift in Frameworks */ = {isa = PBXBuildFile; productRef = 787008A12959DB41007A7BF7 /* FirebaseFirestoreSwift */; };
		787008A42959DB41007A7BF7 /* FirebaseStorage in Frameworks */ = {isa = PBXBuildFile; productRef = 787008A32959DB41007A7BF7 /* FirebaseStorage */; };
		787008A62959DB41007A7BF7 /* FirebaseStorageCombine-Community in Frameworks */ = {isa = PBXBuildFile; productRef = 787008A52959DB41007A7BF7 /* FirebaseStorageCombine-Community */; };
		787008A82959E1C8007A7BF7 /* GoogleService-Info.plist in Resources */ = {isa = PBXBuildFile; fileRef = 787008A72959E1C8007A7BF7 /* GoogleService-Info.plist */; };
		7886DCB4294DD81100D77AEE /* AppDelegate.swift in Sources */ = {isa = PBXBuildFile; fileRef = 7886DCB3294DD81100D77AEE /* AppDelegate.swift */; };
		7886DCB6294DD81100D77AEE /* SceneDelegate.swift in Sources */ = {isa = PBXBuildFile; fileRef = 7886DCB5294DD81100D77AEE /* SceneDelegate.swift */; };
		7886DCB8294DD81100D77AEE /* MainViewController.swift in Sources */ = {isa = PBXBuildFile; fileRef = 7886DCB7294DD81100D77AEE /* MainViewController.swift */; };
		7886DCBE294DD81100D77AEE /* ideaFestival.xcdatamodeld in Sources */ = {isa = PBXBuildFile; fileRef = 7886DCBC294DD81100D77AEE /* ideaFestival.xcdatamodeld */; };
		7886DCC0294DD81200D77AEE /* Assets.xcassets in Resources */ = {isa = PBXBuildFile; fileRef = 7886DCBF294DD81200D77AEE /* Assets.xcassets */; };
		7886DCC3294DD81200D77AEE /* LaunchScreen.storyboard in Resources */ = {isa = PBXBuildFile; fileRef = 7886DCC1294DD81200D77AEE /* LaunchScreen.storyboard */; };
		7886DCD6294DE86300D77AEE /* SnapKit in Frameworks */ = {isa = PBXBuildFile; productRef = 7886DCD5294DE86300D77AEE /* SnapKit */; };
		7886DCD9294DE8F200D77AEE /* Then in Frameworks */ = {isa = PBXBuildFile; productRef = 7886DCD8294DE8F200D77AEE /* Then */; };
		78C3FF0929557ACE00C10F62 /* HomeViewController.swift in Sources */ = {isa = PBXBuildFile; fileRef = 78C3FF0829557ACE00C10F62 /* HomeViewController.swift */; };
		78C3FF0B29557AE100C10F62 /* CounselorSelectViewController.swift in Sources */ = {isa = PBXBuildFile; fileRef = 78C3FF0A29557AE100C10F62 /* CounselorSelectViewController.swift */; };
		78C3FF0D29557B0900C10F62 /* CounselorProfileViewController.swift in Sources */ = {isa = PBXBuildFile; fileRef = 78C3FF0C29557B0900C10F62 /* CounselorProfileViewController.swift */; };
		78C3FF0F29557B1D00C10F62 /* ReservationViewController.swift in Sources */ = {isa = PBXBuildFile; fileRef = 78C3FF0E29557B1D00C10F62 /* ReservationViewController.swift */; };
		78C6739D294DEC5D006898C8 /* ProfileViewController.swift in Sources */ = {isa = PBXBuildFile; fileRef = 78C6739C294DEC5D006898C8 /* ProfileViewController.swift */; };
		78C673A5294DF286006898C8 /* FontSystem.swift in Sources */ = {isa = PBXBuildFile; fileRef = 78C673A4294DF286006898C8 /* FontSystem.swift */; };
		78C673AE294DF435006898C8 /* ColorSystem.swift in Sources */ = {isa = PBXBuildFile; fileRef = 78C673AD294DF435006898C8 /* ColorSystem.swift */; };
		78C673B1294DF50F006898C8 /* BaseViewController.swift in Sources */ = {isa = PBXBuildFile; fileRef = 78C673B0294DF50F006898C8 /* BaseViewController.swift */; };
		78C673B4294DF594006898C8 /* UIView+addSubviews.swift in Sources */ = {isa = PBXBuildFile; fileRef = 78C673B3294DF594006898C8 /* UIView+addSubviews.swift */; };
		78C673B7294DF6A3006898C8 /* UIColor+Hex.swift in Sources */ = {isa = PBXBuildFile; fileRef = 78C673B6294DF6A3006898C8 /* UIColor+Hex.swift */; };
		9B11E57F295B16F30051F8E9 /* AnnounceViewController_Notice.swift in Sources */ = {isa = PBXBuildFile; fileRef = 9B11E57A295B16F30051F8E9 /* AnnounceViewController_Notice.swift */; };
		9B11E580295B16F30051F8E9 /* AnnounceViewController.swift in Sources */ = {isa = PBXBuildFile; fileRef = 9B11E57B295B16F30051F8E9 /* AnnounceViewController.swift */; };
		B81E4E6A2953E6BE005F8AA3 /* NotoSansKR-Regular.otf in Resources */ = {isa = PBXBuildFile; fileRef = B81E4E692953E6BE005F8AA3 /* NotoSansKR-Regular.otf */; };
		B81E4E6E29551865005F8AA3 /* Pretendard-Bold.otf in Resources */ = {isa = PBXBuildFile; fileRef = B81E4E6D29551865005F8AA3 /* Pretendard-Bold.otf */; };
		B81E4E7029551870005F8AA3 /* Pretendard-SemiBold.otf in Resources */ = {isa = PBXBuildFile; fileRef = B81E4E6F29551870005F8AA3 /* Pretendard-SemiBold.otf */; };
		B81E4E72295518F1005F8AA3 /* Pretendard-Medium.otf in Resources */ = {isa = PBXBuildFile; fileRef = B81E4E71295518F1005F8AA3 /* Pretendard-Medium.otf */; };
		B81E4E7429551FB9005F8AA3 /* NotoSans-SemiBold.otf in Resources */ = {isa = PBXBuildFile; fileRef = B81E4E7329551FB9005F8AA3 /* NotoSans-SemiBold.otf */; };
		B81E4E7629551FD6005F8AA3 /* Inter-Medium.otf in Resources */ = {isa = PBXBuildFile; fileRef = B81E4E7529551FD6005F8AA3 /* Inter-Medium.otf */; };
		B81E4E7829551FE1005F8AA3 /* Inter-Regular.otf in Resources */ = {isa = PBXBuildFile; fileRef = B81E4E7729551FE1005F8AA3 /* Inter-Regular.otf */; };
		B81E4E7A29551FEC005F8AA3 /* Inter-ExtraLight.otf in Resources */ = {isa = PBXBuildFile; fileRef = B81E4E7929551FEC005F8AA3 /* Inter-ExtraLight.otf */; };
		B81E4E7E2955218A005F8AA3 /* JainiPurva-Regular.otf in Resources */ = {isa = PBXBuildFile; fileRef = B81E4E7D2955218A005F8AA3 /* JainiPurva-Regular.otf */; };
		B8C6125E2950A76F00169259 /* ModifyViewController.swift in Sources */ = {isa = PBXBuildFile; fileRef = B8C6125D2950A76F00169259 /* ModifyViewController.swift */; };
/* End PBXBuildFile section */

/* Begin PBXFileReference section */
		782ABFAF29508CB100A8D6AC /* Adelle_BoldItalic.otf */ = {isa = PBXFileReference; lastKnownFileType = file; path = Adelle_BoldItalic.otf; sourceTree = "<group>"; };
		782ABFB029508CB100A8D6AC /* Adelle_HeavyItalic.otf */ = {isa = PBXFileReference; lastKnownFileType = file; path = Adelle_HeavyItalic.otf; sourceTree = "<group>"; };
		782ABFB129508CB100A8D6AC /* Adelle_Heavy.otf */ = {isa = PBXFileReference; lastKnownFileType = file; path = Adelle_Heavy.otf; sourceTree = "<group>"; };
		782ABFB229508CB100A8D6AC /* Adelle_light.otf */ = {isa = PBXFileReference; lastKnownFileType = file; path = Adelle_light.otf; sourceTree = "<group>"; };
		782ABFB329508CB100A8D6AC /* Adelle_ExtraBold.otf */ = {isa = PBXFileReference; lastKnownFileType = file; path = Adelle_ExtraBold.otf; sourceTree = "<group>"; };
		782ABFB429508CB100A8D6AC /* Adelle_Regular.otf */ = {isa = PBXFileReference; lastKnownFileType = file; path = Adelle_Regular.otf; sourceTree = "<group>"; };
		782ABFB529508CB100A8D6AC /* Adelle_Bold.otf */ = {isa = PBXFileReference; lastKnownFileType = file; path = Adelle_Bold.otf; sourceTree = "<group>"; };
		782ABFB629508CB100A8D6AC /* Adelle_Italic.otf */ = {isa = PBXFileReference; lastKnownFileType = file; path = Adelle_Italic.otf; sourceTree = "<group>"; };
		782ABFB729508CB100A8D6AC /* Adelle_LightItalic.otf */ = {isa = PBXFileReference; lastKnownFileType = file; path = Adelle_LightItalic.otf; sourceTree = "<group>"; };
		782ABFB829508CB100A8D6AC /* Adelle_SemiBold.otf */ = {isa = PBXFileReference; lastKnownFileType = file; path = Adelle_SemiBold.otf; sourceTree = "<group>"; };
		782ABFB929508CB100A8D6AC /* Adelle_SemiBoldItalic.otf */ = {isa = PBXFileReference; lastKnownFileType = file; path = Adelle_SemiBoldItalic.otf; sourceTree = "<group>"; };
		782ABFBA29508CB100A8D6AC /* Adelle_ExtraBoldItalic.otf */ = {isa = PBXFileReference; lastKnownFileType = file; path = Adelle_ExtraBoldItalic.otf; sourceTree = "<group>"; };
		787008A72959E1C8007A7BF7 /* GoogleService-Info.plist */ = {isa = PBXFileReference; fileEncoding = 4; lastKnownFileType = text.plist.xml; path = "GoogleService-Info.plist"; sourceTree = "<group>"; };
		7886DCB0294DD81100D77AEE /* ideaFestival.app */ = {isa = PBXFileReference; explicitFileType = wrapper.application; includeInIndex = 0; path = ideaFestival.app; sourceTree = BUILT_PRODUCTS_DIR; };
		7886DCB3294DD81100D77AEE /* AppDelegate.swift */ = {isa = PBXFileReference; lastKnownFileType = sourcecode.swift; path = AppDelegate.swift; sourceTree = "<group>"; };
		7886DCB5294DD81100D77AEE /* SceneDelegate.swift */ = {isa = PBXFileReference; lastKnownFileType = sourcecode.swift; path = SceneDelegate.swift; sourceTree = "<group>"; };
		7886DCB7294DD81100D77AEE /* MainViewController.swift */ = {isa = PBXFileReference; lastKnownFileType = sourcecode.swift; path = MainViewController.swift; sourceTree = "<group>"; };
		7886DCBD294DD81100D77AEE /* ideaFestival.xcdatamodel */ = {isa = PBXFileReference; lastKnownFileType = wrapper.xcdatamodel; path = ideaFestival.xcdatamodel; sourceTree = "<group>"; };
		7886DCBF294DD81200D77AEE /* Assets.xcassets */ = {isa = PBXFileReference; lastKnownFileType = folder.assetcatalog; path = Assets.xcassets; sourceTree = "<group>"; };
		7886DCC2294DD81200D77AEE /* Base */ = {isa = PBXFileReference; lastKnownFileType = file.storyboard; name = Base; path = Base.lproj/LaunchScreen.storyboard; sourceTree = "<group>"; };
		7886DCC4294DD81200D77AEE /* Info.plist */ = {isa = PBXFileReference; lastKnownFileType = text.plist.xml; path = Info.plist; sourceTree = "<group>"; };
		78C3FF0829557ACE00C10F62 /* HomeViewController.swift */ = {isa = PBXFileReference; lastKnownFileType = sourcecode.swift; path = HomeViewController.swift; sourceTree = "<group>"; };
		78C3FF0A29557AE100C10F62 /* CounselorSelectViewController.swift */ = {isa = PBXFileReference; lastKnownFileType = sourcecode.swift; path = CounselorSelectViewController.swift; sourceTree = "<group>"; };
		78C3FF0C29557B0900C10F62 /* CounselorProfileViewController.swift */ = {isa = PBXFileReference; lastKnownFileType = sourcecode.swift; path = CounselorProfileViewController.swift; sourceTree = "<group>"; };
		78C3FF0E29557B1D00C10F62 /* ReservationViewController.swift */ = {isa = PBXFileReference; lastKnownFileType = sourcecode.swift; path = ReservationViewController.swift; sourceTree = "<group>"; };
		78C6739C294DEC5D006898C8 /* ProfileViewController.swift */ = {isa = PBXFileReference; lastKnownFileType = sourcecode.swift; path = ProfileViewController.swift; sourceTree = "<group>"; };
		78C673A4294DF286006898C8 /* FontSystem.swift */ = {isa = PBXFileReference; lastKnownFileType = sourcecode.swift; path = FontSystem.swift; sourceTree = "<group>"; };
		78C673AD294DF435006898C8 /* ColorSystem.swift */ = {isa = PBXFileReference; lastKnownFileType = sourcecode.swift; path = ColorSystem.swift; sourceTree = "<group>"; };
		78C673B0294DF50F006898C8 /* BaseViewController.swift */ = {isa = PBXFileReference; lastKnownFileType = sourcecode.swift; path = BaseViewController.swift; sourceTree = "<group>"; };
		78C673B3294DF594006898C8 /* UIView+addSubviews.swift */ = {isa = PBXFileReference; lastKnownFileType = sourcecode.swift; path = "UIView+addSubviews.swift"; sourceTree = "<group>"; };
		78C673B6294DF6A3006898C8 /* UIColor+Hex.swift */ = {isa = PBXFileReference; lastKnownFileType = sourcecode.swift; path = "UIColor+Hex.swift"; sourceTree = "<group>"; };
		9B11E57A295B16F30051F8E9 /* AnnounceViewController_Notice.swift */ = {isa = PBXFileReference; fileEncoding = 4; lastKnownFileType = sourcecode.swift; path = AnnounceViewController_Notice.swift; sourceTree = "<group>"; };
		9B11E57B295B16F30051F8E9 /* AnnounceViewController.swift */ = {isa = PBXFileReference; fileEncoding = 4; lastKnownFileType = sourcecode.swift; path = AnnounceViewController.swift; sourceTree = "<group>"; };
		B81E4E692953E6BE005F8AA3 /* NotoSansKR-Regular.otf */ = {isa = PBXFileReference; lastKnownFileType = file; path = "NotoSansKR-Regular.otf"; sourceTree = "<group>"; };
		B81E4E6D29551865005F8AA3 /* Pretendard-Bold.otf */ = {isa = PBXFileReference; lastKnownFileType = file; path = "Pretendard-Bold.otf"; sourceTree = "<group>"; };
		B81E4E6F29551870005F8AA3 /* Pretendard-SemiBold.otf */ = {isa = PBXFileReference; lastKnownFileType = file; path = "Pretendard-SemiBold.otf"; sourceTree = "<group>"; };
		B81E4E71295518F1005F8AA3 /* Pretendard-Medium.otf */ = {isa = PBXFileReference; lastKnownFileType = file; path = "Pretendard-Medium.otf"; sourceTree = "<group>"; };
		B81E4E7329551FB9005F8AA3 /* NotoSans-SemiBold.otf */ = {isa = PBXFileReference; lastKnownFileType = file; path = "NotoSans-SemiBold.otf"; sourceTree = "<group>"; };
		B81E4E7529551FD6005F8AA3 /* Inter-Medium.otf */ = {isa = PBXFileReference; lastKnownFileType = file; path = "Inter-Medium.otf"; sourceTree = "<group>"; };
		B81E4E7729551FE1005F8AA3 /* Inter-Regular.otf */ = {isa = PBXFileReference; lastKnownFileType = file; path = "Inter-Regular.otf"; sourceTree = "<group>"; };
		B81E4E7929551FEC005F8AA3 /* Inter-ExtraLight.otf */ = {isa = PBXFileReference; lastKnownFileType = file; path = "Inter-ExtraLight.otf"; sourceTree = "<group>"; };
		B81E4E7D2955218A005F8AA3 /* JainiPurva-Regular.otf */ = {isa = PBXFileReference; lastKnownFileType = file; path = "JainiPurva-Regular.otf"; sourceTree = "<group>"; };
		B8C6125D2950A76F00169259 /* ModifyViewController.swift */ = {isa = PBXFileReference; lastKnownFileType = sourcecode.swift; path = ModifyViewController.swift; sourceTree = "<group>"; };
/* End PBXFileReference section */

/* Begin PBXFrameworksBuildPhase section */
		7886DCAD294DD81100D77AEE /* Frameworks */ = {
			isa = PBXFrameworksBuildPhase;
			buildActionMask = 2147483647;
			files = (
				7886DCD6294DE86300D77AEE /* SnapKit in Frameworks */,
				7870089A2959DB41007A7BF7 /* FirebaseAuth in Frameworks */,
				7886DCD9294DE8F200D77AEE /* Then in Frameworks */,
				787008A22959DB41007A7BF7 /* FirebaseFirestoreSwift in Frameworks */,
				787008A02959DB41007A7BF7 /* FirebaseFirestoreCombine-Community in Frameworks */,
				787008A42959DB41007A7BF7 /* FirebaseStorage in Frameworks */,
				7870089E2959DB41007A7BF7 /* FirebaseFirestore in Frameworks */,
				787008A62959DB41007A7BF7 /* FirebaseStorageCombine-Community in Frameworks */,
				7870089C2959DB41007A7BF7 /* FirebaseAuthCombine-Community in Frameworks */,
			);
			runOnlyForDeploymentPostprocessing = 0;
		};
/* End PBXFrameworksBuildPhase section */

/* Begin PBXGroup section */
		7886DCA7294DD81100D77AEE = {
			isa = PBXGroup;
			children = (
				7886DCB2294DD81100D77AEE /* ideaFestival */,
				7886DCB1294DD81100D77AEE /* Products */,
			);
			sourceTree = "<group>";
		};
		7886DCB1294DD81100D77AEE /* Products */ = {
			isa = PBXGroup;
			children = (
				7886DCB0294DD81100D77AEE /* ideaFestival.app */,
			);
			name = Products;
			sourceTree = "<group>";
		};
		7886DCB2294DD81100D77AEE /* ideaFestival */ = {
			isa = PBXGroup;
			children = (
				78C6739F294DF052006898C8 /* Support */,
				78C673A0294DF066006898C8 /* Sources */,
				78C673A8294DF2CE006898C8 /* Resources */,
				7886DCBC294DD81100D77AEE /* ideaFestival.xcdatamodeld */,
			);
			path = ideaFestival;
			sourceTree = "<group>";
		};
		7886DCCC294DDFC800D77AEE /* Fonts */ = {
			isa = PBXGroup;
			children = (
				78C673A4294DF286006898C8 /* FontSystem.swift */,
			);
			path = Fonts;
			sourceTree = "<group>";
		};
		7886DCD3294DE76300D77AEE /* MainVC */ = {
			isa = PBXGroup;
			children = (
				7886DCB7294DD81100D77AEE /* MainViewController.swift */,
			);
			path = MainVC;
			sourceTree = "<group>";
		};
		78C3FF0729557ABF00C10F62 /* HomeVC */ = {
			isa = PBXGroup;
			children = (
				78C3FF0829557ACE00C10F62 /* HomeViewController.swift */,
				78C3FF0A29557AE100C10F62 /* CounselorSelectViewController.swift */,
				78C3FF0C29557B0900C10F62 /* CounselorProfileViewController.swift */,
				78C3FF0E29557B1D00C10F62 /* ReservationViewController.swift */,
			);
			path = HomeVC;
			sourceTree = "<group>";
		};
		78C3FF1029557B3000C10F62 /* AnnounceVC */ = {
			isa = PBXGroup;
			children = (
				9B11E57B295B16F30051F8E9 /* AnnounceViewController.swift */,
				9B11E57A295B16F30051F8E9 /* AnnounceViewController_Notice.swift */,
			);
			path = AnnounceVC;
			sourceTree = "<group>";
		};
		78C6739E294DF036006898C8 /* Utility */ = {
			isa = PBXGroup;
			children = (
				78C673AF294DF500006898C8 /* Base */,
				78C673B2294DF56B006898C8 /* UIView */,
				78C673B5294DF65E006898C8 /* UIColor */,
			);
			path = Utility;
			sourceTree = "<group>";
		};
		78C6739F294DF052006898C8 /* Support */ = {
			isa = PBXGroup;
			children = (
				7886DCC4294DD81200D77AEE /* Info.plist */,
				787008A72959E1C8007A7BF7 /* GoogleService-Info.plist */,
			);
			path = Support;
			sourceTree = "<group>";
		};
		78C673A0294DF066006898C8 /* Sources */ = {
			isa = PBXGroup;
			children = (
				78C673A1294DF096006898C8 /* Application */,
				78C673A2294DF0B8006898C8 /* Presentaion */,
				78C673A3294DF0FD006898C8 /* DesignSystem */,
				78C6739E294DF036006898C8 /* Utility */,
			);
			path = Sources;
			sourceTree = "<group>";
		};
		78C673A1294DF096006898C8 /* Application */ = {
			isa = PBXGroup;
			children = (
				7886DCB3294DD81100D77AEE /* AppDelegate.swift */,
				7886DCB5294DD81100D77AEE /* SceneDelegate.swift */,
			);
			path = Application;
			sourceTree = "<group>";
		};
		78C673A2294DF0B8006898C8 /* Presentaion */ = {
			isa = PBXGroup;
			children = (
				7886DCD3294DE76300D77AEE /* MainVC */,
				B81E4E622951CEAF005F8AA3 /* ProfileVC */,
				78C3FF0729557ABF00C10F62 /* HomeVC */,
				78C3FF1029557B3000C10F62 /* AnnounceVC */,
			);
			path = Presentaion;
			sourceTree = "<group>";
		};
		78C673A3294DF0FD006898C8 /* DesignSystem */ = {
			isa = PBXGroup;
			children = (
				7886DCCC294DDFC800D77AEE /* Fonts */,
				78C673AC294DF413006898C8 /* Color */,
			);
			path = DesignSystem;
			sourceTree = "<group>";
		};
		78C673A8294DF2CE006898C8 /* Resources */ = {
			isa = PBXGroup;
			children = (
				78C673A9294DF303006898C8 /* asset */,
				78C673AA294DF30E006898C8 /* Launch */,
				78C673AB294DF38E006898C8 /* Fonts */,
			);
			path = Resources;
			sourceTree = "<group>";
		};
		78C673A9294DF303006898C8 /* asset */ = {
			isa = PBXGroup;
			children = (
				7886DCBF294DD81200D77AEE /* Assets.xcassets */,
			);
			path = asset;
			sourceTree = "<group>";
		};
		78C673AA294DF30E006898C8 /* Launch */ = {
			isa = PBXGroup;
			children = (
				7886DCC1294DD81200D77AEE /* LaunchScreen.storyboard */,
			);
			path = Launch;
			sourceTree = "<group>";
		};
		78C673AB294DF38E006898C8 /* Fonts */ = {
			isa = PBXGroup;
			children = (
				782ABFB529508CB100A8D6AC /* Adelle_Bold.otf */,
				782ABFAF29508CB100A8D6AC /* Adelle_BoldItalic.otf */,
				782ABFB329508CB100A8D6AC /* Adelle_ExtraBold.otf */,
				782ABFBA29508CB100A8D6AC /* Adelle_ExtraBoldItalic.otf */,
				782ABFB129508CB100A8D6AC /* Adelle_Heavy.otf */,
				782ABFB029508CB100A8D6AC /* Adelle_HeavyItalic.otf */,
				782ABFB629508CB100A8D6AC /* Adelle_Italic.otf */,
				782ABFB229508CB100A8D6AC /* Adelle_light.otf */,
				782ABFB729508CB100A8D6AC /* Adelle_LightItalic.otf */,
				782ABFB429508CB100A8D6AC /* Adelle_Regular.otf */,
				782ABFB829508CB100A8D6AC /* Adelle_SemiBold.otf */,
				782ABFB929508CB100A8D6AC /* Adelle_SemiBoldItalic.otf */,
				B81E4E7329551FB9005F8AA3 /* NotoSans-SemiBold.otf */,
				B81E4E692953E6BE005F8AA3 /* NotoSansKR-Regular.otf */,
				B81E4E6D29551865005F8AA3 /* Pretendard-Bold.otf */,
				B81E4E6F29551870005F8AA3 /* Pretendard-SemiBold.otf */,
				B81E4E71295518F1005F8AA3 /* Pretendard-Medium.otf */,
				B81E4E7529551FD6005F8AA3 /* Inter-Medium.otf */,
				B81E4E7729551FE1005F8AA3 /* Inter-Regular.otf */,
				B81E4E7929551FEC005F8AA3 /* Inter-ExtraLight.otf */,
				B81E4E7D2955218A005F8AA3 /* JainiPurva-Regular.otf */,
			);
			path = Fonts;
			sourceTree = "<group>";
		};
		78C673AC294DF413006898C8 /* Color */ = {
			isa = PBXGroup;
			children = (
				78C673AD294DF435006898C8 /* ColorSystem.swift */,
			);
			path = Color;
			sourceTree = "<group>";
		};
		78C673AF294DF500006898C8 /* Base */ = {
			isa = PBXGroup;
			children = (
				78C673B0294DF50F006898C8 /* BaseViewController.swift */,
			);
			path = Base;
			sourceTree = "<group>";
		};
		78C673B2294DF56B006898C8 /* UIView */ = {
			isa = PBXGroup;
			children = (
				78C673B3294DF594006898C8 /* UIView+addSubviews.swift */,
			);
			path = UIView;
			sourceTree = "<group>";
		};
		78C673B5294DF65E006898C8 /* UIColor */ = {
			isa = PBXGroup;
			children = (
				78C673B6294DF6A3006898C8 /* UIColor+Hex.swift */,
			);
			path = UIColor;
			sourceTree = "<group>";
		};
		B81E4E622951CEAF005F8AA3 /* ProfileVC */ = {
			isa = PBXGroup;
			children = (
				78C6739C294DEC5D006898C8 /* ProfileViewController.swift */,
				B8C6125D2950A76F00169259 /* ModifyViewController.swift */,
			);
			path = ProfileVC;
			sourceTree = "<group>";
		};
/* End PBXGroup section */

/* Begin PBXNativeTarget section */
		7886DCAF294DD81100D77AEE /* ideaFestival */ = {
			isa = PBXNativeTarget;
			buildConfigurationList = 7886DCC7294DD81200D77AEE /* Build configuration list for PBXNativeTarget "ideaFestival" */;
			buildPhases = (
				7886DCAC294DD81100D77AEE /* Sources */,
				7886DCAD294DD81100D77AEE /* Frameworks */,
				7886DCAE294DD81100D77AEE /* Resources */,
			);
			buildRules = (
			);
			dependencies = (
			);
			name = ideaFestival;
			packageProductDependencies = (
				7886DCD5294DE86300D77AEE /* SnapKit */,
				7886DCD8294DE8F200D77AEE /* Then */,
				787008992959DB41007A7BF7 /* FirebaseAuth */,
				7870089B2959DB41007A7BF7 /* FirebaseAuthCombine-Community */,
				7870089D2959DB41007A7BF7 /* FirebaseFirestore */,
				7870089F2959DB41007A7BF7 /* FirebaseFirestoreCombine-Community */,
				787008A12959DB41007A7BF7 /* FirebaseFirestoreSwift */,
				787008A32959DB41007A7BF7 /* FirebaseStorage */,
				787008A52959DB41007A7BF7 /* FirebaseStorageCombine-Community */,
			);
			productName = ideaFestival;
			productReference = 7886DCB0294DD81100D77AEE /* ideaFestival.app */;
			productType = "com.apple.product-type.application";
		};
/* End PBXNativeTarget section */

/* Begin PBXProject section */
		7886DCA8294DD81100D77AEE /* Project object */ = {
			isa = PBXProject;
			attributes = {
				BuildIndependentTargetsInParallel = 1;
				LastSwiftUpdateCheck = 1400;
				LastUpgradeCheck = 1400;
				TargetAttributes = {
					7886DCAF294DD81100D77AEE = {
						CreatedOnToolsVersion = 14.0;
					};
				};
			};
			buildConfigurationList = 7886DCAB294DD81100D77AEE /* Build configuration list for PBXProject "ideaFestival" */;
			compatibilityVersion = "Xcode 14.0";
			developmentRegion = en;
			hasScannedForEncodings = 0;
			knownRegions = (
				en,
				Base,
			);
			mainGroup = 7886DCA7294DD81100D77AEE;
			packageReferences = (
				7886DCD4294DE86300D77AEE /* XCRemoteSwiftPackageReference "SnapKit" */,
				7886DCD7294DE8F200D77AEE /* XCRemoteSwiftPackageReference "Then" */,
				787008982959DB41007A7BF7 /* XCRemoteSwiftPackageReference "firebase-ios-sdk" */,
			);
			productRefGroup = 7886DCB1294DD81100D77AEE /* Products */;
			projectDirPath = "";
			projectRoot = "";
			targets = (
				7886DCAF294DD81100D77AEE /* ideaFestival */,
			);
		};
/* End PBXProject section */

/* Begin PBXResourcesBuildPhase section */
		7886DCAE294DD81100D77AEE /* Resources */ = {
			isa = PBXResourcesBuildPhase;
			buildActionMask = 2147483647;
			files = (
				782ABFC229508CB100A8D6AC /* Adelle_Italic.otf in Resources */,
				B81E4E6E29551865005F8AA3 /* Pretendard-Bold.otf in Resources */,
				B81E4E7A29551FEC005F8AA3 /* Inter-ExtraLight.otf in Resources */,
				782ABFC129508CB100A8D6AC /* Adelle_Bold.otf in Resources */,
				B81E4E7E2955218A005F8AA3 /* JainiPurva-Regular.otf in Resources */,
				B81E4E7629551FD6005F8AA3 /* Inter-Medium.otf in Resources */,
				B81E4E7829551FE1005F8AA3 /* Inter-Regular.otf in Resources */,
				782ABFC629508CB100A8D6AC /* Adelle_ExtraBoldItalic.otf in Resources */,
				7886DCC3294DD81200D77AEE /* LaunchScreen.storyboard in Resources */,
				B81E4E6A2953E6BE005F8AA3 /* NotoSansKR-Regular.otf in Resources */,
				782ABFC029508CB100A8D6AC /* Adelle_Regular.otf in Resources */,
				B81E4E7429551FB9005F8AA3 /* NotoSans-SemiBold.otf in Resources */,
				782ABFBF29508CB100A8D6AC /* Adelle_ExtraBold.otf in Resources */,
				782ABFBB29508CB100A8D6AC /* Adelle_BoldItalic.otf in Resources */,
				782ABFBD29508CB100A8D6AC /* Adelle_Heavy.otf in Resources */,
				782ABFC429508CB100A8D6AC /* Adelle_SemiBold.otf in Resources */,
				782ABFBE29508CB100A8D6AC /* Adelle_light.otf in Resources */,
				787008A82959E1C8007A7BF7 /* GoogleService-Info.plist in Resources */,
				782ABFC529508CB100A8D6AC /* Adelle_SemiBoldItalic.otf in Resources */,
				782ABFBC29508CB100A8D6AC /* Adelle_HeavyItalic.otf in Resources */,
				7886DCC0294DD81200D77AEE /* Assets.xcassets in Resources */,
				782ABFC329508CB100A8D6AC /* Adelle_LightItalic.otf in Resources */,
				B81E4E7029551870005F8AA3 /* Pretendard-SemiBold.otf in Resources */,
				B81E4E72295518F1005F8AA3 /* Pretendard-Medium.otf in Resources */,
			);
			runOnlyForDeploymentPostprocessing = 0;
		};
/* End PBXResourcesBuildPhase section */

/* Begin PBXSourcesBuildPhase section */
		7886DCAC294DD81100D77AEE /* Sources */ = {
			isa = PBXSourcesBuildPhase;
			buildActionMask = 2147483647;
			files = (
				B8C6125E2950A76F00169259 /* ModifyViewController.swift in Sources */,
				7886DCB8294DD81100D77AEE /* MainViewController.swift in Sources */,
				7886DCB4294DD81100D77AEE /* AppDelegate.swift in Sources */,
				78C3FF0929557ACE00C10F62 /* HomeViewController.swift in Sources */,
				78C673AE294DF435006898C8 /* ColorSystem.swift in Sources */,
				78C673B1294DF50F006898C8 /* BaseViewController.swift in Sources */,
				78C6739D294DEC5D006898C8 /* ProfileViewController.swift in Sources */,
				78C3FF0D29557B0900C10F62 /* CounselorProfileViewController.swift in Sources */,
				7886DCBE294DD81100D77AEE /* ideaFestival.xcdatamodeld in Sources */,
				78C3FF0B29557AE100C10F62 /* CounselorSelectViewController.swift in Sources */,
				7886DCB6294DD81100D77AEE /* SceneDelegate.swift in Sources */,
				9B11E57F295B16F30051F8E9 /* AnnounceViewController_Notice.swift in Sources */,
				78C673B7294DF6A3006898C8 /* UIColor+Hex.swift in Sources */,
				78C673A5294DF286006898C8 /* FontSystem.swift in Sources */,
				9B11E580295B16F30051F8E9 /* AnnounceViewController.swift in Sources */,
				78C673B4294DF594006898C8 /* UIView+addSubviews.swift in Sources */,
				78C3FF0F29557B1D00C10F62 /* ReservationViewController.swift in Sources */,
			);
			runOnlyForDeploymentPostprocessing = 0;
		};
/* End PBXSourcesBuildPhase section */

/* Begin PBXVariantGroup section */
		7886DCC1294DD81200D77AEE /* LaunchScreen.storyboard */ = {
			isa = PBXVariantGroup;
			children = (
				7886DCC2294DD81200D77AEE /* Base */,
			);
			name = LaunchScreen.storyboard;
			sourceTree = "<group>";
		};
/* End PBXVariantGroup section */

/* Begin XCBuildConfiguration section */
		7886DCC5294DD81200D77AEE /* Debug */ = {
			isa = XCBuildConfiguration;
			buildSettings = {
				ALWAYS_SEARCH_USER_PATHS = NO;
				CLANG_ANALYZER_NONNULL = YES;
				CLANG_ANALYZER_NUMBER_OBJECT_CONVERSION = YES_AGGRESSIVE;
				CLANG_CXX_LANGUAGE_STANDARD = "gnu++20";
				CLANG_ENABLE_MODULES = YES;
				CLANG_ENABLE_OBJC_ARC = YES;
				CLANG_ENABLE_OBJC_WEAK = YES;
				CLANG_WARN_BLOCK_CAPTURE_AUTORELEASING = YES;
				CLANG_WARN_BOOL_CONVERSION = YES;
				CLANG_WARN_COMMA = YES;
				CLANG_WARN_CONSTANT_CONVERSION = YES;
				CLANG_WARN_DEPRECATED_OBJC_IMPLEMENTATIONS = YES;
				CLANG_WARN_DIRECT_OBJC_ISA_USAGE = YES_ERROR;
				CLANG_WARN_DOCUMENTATION_COMMENTS = YES;
				CLANG_WARN_EMPTY_BODY = YES;
				CLANG_WARN_ENUM_CONVERSION = YES;
				CLANG_WARN_INFINITE_RECURSION = YES;
				CLANG_WARN_INT_CONVERSION = YES;
				CLANG_WARN_NON_LITERAL_NULL_CONVERSION = YES;
				CLANG_WARN_OBJC_IMPLICIT_RETAIN_SELF = YES;
				CLANG_WARN_OBJC_LITERAL_CONVERSION = YES;
				CLANG_WARN_OBJC_ROOT_CLASS = YES_ERROR;
				CLANG_WARN_QUOTED_INCLUDE_IN_FRAMEWORK_HEADER = YES;
				CLANG_WARN_RANGE_LOOP_ANALYSIS = YES;
				CLANG_WARN_STRICT_PROTOTYPES = YES;
				CLANG_WARN_SUSPICIOUS_MOVE = YES;
				CLANG_WARN_UNGUARDED_AVAILABILITY = YES_AGGRESSIVE;
				CLANG_WARN_UNREACHABLE_CODE = YES;
				CLANG_WARN__DUPLICATE_METHOD_MATCH = YES;
				COPY_PHASE_STRIP = NO;
				DEBUG_INFORMATION_FORMAT = dwarf;
				ENABLE_STRICT_OBJC_MSGSEND = YES;
				ENABLE_TESTABILITY = YES;
				GCC_C_LANGUAGE_STANDARD = gnu11;
				GCC_DYNAMIC_NO_PIC = NO;
				GCC_NO_COMMON_BLOCKS = YES;
				GCC_OPTIMIZATION_LEVEL = 0;
				GCC_PREPROCESSOR_DEFINITIONS = (
					"DEBUG=1",
					"$(inherited)",
				);
				GCC_WARN_64_TO_32_BIT_CONVERSION = YES;
				GCC_WARN_ABOUT_RETURN_TYPE = YES_ERROR;
				GCC_WARN_UNDECLARED_SELECTOR = YES;
				GCC_WARN_UNINITIALIZED_AUTOS = YES_AGGRESSIVE;
				GCC_WARN_UNUSED_FUNCTION = YES;
				GCC_WARN_UNUSED_VARIABLE = YES;
				IPHONEOS_DEPLOYMENT_TARGET = 15.0;
				MTL_ENABLE_DEBUG_INFO = INCLUDE_SOURCE;
				MTL_FAST_MATH = YES;
				ONLY_ACTIVE_ARCH = YES;
				SDKROOT = iphoneos;
				SWIFT_ACTIVE_COMPILATION_CONDITIONS = DEBUG;
				SWIFT_OPTIMIZATION_LEVEL = "-Onone";
			};
			name = Debug;
		};
		7886DCC6294DD81200D77AEE /* Release */ = {
			isa = XCBuildConfiguration;
			buildSettings = {
				ALWAYS_SEARCH_USER_PATHS = NO;
				CLANG_ANALYZER_NONNULL = YES;
				CLANG_ANALYZER_NUMBER_OBJECT_CONVERSION = YES_AGGRESSIVE;
				CLANG_CXX_LANGUAGE_STANDARD = "gnu++20";
				CLANG_ENABLE_MODULES = YES;
				CLANG_ENABLE_OBJC_ARC = YES;
				CLANG_ENABLE_OBJC_WEAK = YES;
				CLANG_WARN_BLOCK_CAPTURE_AUTORELEASING = YES;
				CLANG_WARN_BOOL_CONVERSION = YES;
				CLANG_WARN_COMMA = YES;
				CLANG_WARN_CONSTANT_CONVERSION = YES;
				CLANG_WARN_DEPRECATED_OBJC_IMPLEMENTATIONS = YES;
				CLANG_WARN_DIRECT_OBJC_ISA_USAGE = YES_ERROR;
				CLANG_WARN_DOCUMENTATION_COMMENTS = YES;
				CLANG_WARN_EMPTY_BODY = YES;
				CLANG_WARN_ENUM_CONVERSION = YES;
				CLANG_WARN_INFINITE_RECURSION = YES;
				CLANG_WARN_INT_CONVERSION = YES;
				CLANG_WARN_NON_LITERAL_NULL_CONVERSION = YES;
				CLANG_WARN_OBJC_IMPLICIT_RETAIN_SELF = YES;
				CLANG_WARN_OBJC_LITERAL_CONVERSION = YES;
				CLANG_WARN_OBJC_ROOT_CLASS = YES_ERROR;
				CLANG_WARN_QUOTED_INCLUDE_IN_FRAMEWORK_HEADER = YES;
				CLANG_WARN_RANGE_LOOP_ANALYSIS = YES;
				CLANG_WARN_STRICT_PROTOTYPES = YES;
				CLANG_WARN_SUSPICIOUS_MOVE = YES;
				CLANG_WARN_UNGUARDED_AVAILABILITY = YES_AGGRESSIVE;
				CLANG_WARN_UNREACHABLE_CODE = YES;
				CLANG_WARN__DUPLICATE_METHOD_MATCH = YES;
				COPY_PHASE_STRIP = NO;
				DEBUG_INFORMATION_FORMAT = "dwarf-with-dsym";
				ENABLE_NS_ASSERTIONS = NO;
				ENABLE_STRICT_OBJC_MSGSEND = YES;
				GCC_C_LANGUAGE_STANDARD = gnu11;
				GCC_NO_COMMON_BLOCKS = YES;
				GCC_WARN_64_TO_32_BIT_CONVERSION = YES;
				GCC_WARN_ABOUT_RETURN_TYPE = YES_ERROR;
				GCC_WARN_UNDECLARED_SELECTOR = YES;
				GCC_WARN_UNINITIALIZED_AUTOS = YES_AGGRESSIVE;
				GCC_WARN_UNUSED_FUNCTION = YES;
				GCC_WARN_UNUSED_VARIABLE = YES;
				IPHONEOS_DEPLOYMENT_TARGET = 15.0;
				MTL_ENABLE_DEBUG_INFO = NO;
				MTL_FAST_MATH = YES;
				SDKROOT = iphoneos;
				SWIFT_COMPILATION_MODE = wholemodule;
				SWIFT_OPTIMIZATION_LEVEL = "-O";
				VALIDATE_PRODUCT = YES;
			};
			name = Release;
		};
		7886DCC8294DD81200D77AEE /* Debug */ = {
			isa = XCBuildConfiguration;
			buildSettings = {
				ASSETCATALOG_COMPILER_APPICON_NAME = AppIcon;
				ASSETCATALOG_COMPILER_GLOBAL_ACCENT_COLOR_NAME = AccentColor;
				CODE_SIGN_STYLE = Automatic;
				CURRENT_PROJECT_VERSION = 1;
				DEVELOPMENT_TEAM = 5T78F59TU2;
				GENERATE_INFOPLIST_FILE = YES;
				INFOPLIST_FILE = ideaFestival/Support/Info.plist;
				INFOPLIST_KEY_CFBundleDisplayName = "";
				INFOPLIST_KEY_LSApplicationCategoryType = "";
				INFOPLIST_KEY_UIApplicationSupportsIndirectInputEvents = YES;
				INFOPLIST_KEY_UILaunchStoryboardName = LaunchScreen;
				INFOPLIST_KEY_UISupportedInterfaceOrientations_iPad = "UIInterfaceOrientationPortrait UIInterfaceOrientationPortraitUpsideDown UIInterfaceOrientationLandscapeLeft UIInterfaceOrientationLandscapeRight";
				INFOPLIST_KEY_UISupportedInterfaceOrientations_iPhone = "UIInterfaceOrientationPortrait UIInterfaceOrientationLandscapeLeft UIInterfaceOrientationLandscapeRight";
				IPHONEOS_DEPLOYMENT_TARGET = 15.0;
				LD_RUNPATH_SEARCH_PATHS = (
					"$(inherited)",
					"@executable_path/Frameworks",
				);
				MARKETING_VERSION = 1.0;
				PRODUCT_BUNDLE_IDENTIFIER = class.ideaFestival;
				PRODUCT_NAME = "$(TARGET_NAME)";
				SWIFT_EMIT_LOC_STRINGS = YES;
				SWIFT_VERSION = 5.0;
				TARGETED_DEVICE_FAMILY = "1,2";
			};
			name = Debug;
		};
		7886DCC9294DD81200D77AEE /* Release */ = {
			isa = XCBuildConfiguration;
			buildSettings = {
				ASSETCATALOG_COMPILER_APPICON_NAME = AppIcon;
				ASSETCATALOG_COMPILER_GLOBAL_ACCENT_COLOR_NAME = AccentColor;
				CODE_SIGN_STYLE = Automatic;
				CURRENT_PROJECT_VERSION = 1;
				DEVELOPMENT_TEAM = 5T78F59TU2;
				GENERATE_INFOPLIST_FILE = YES;
				INFOPLIST_FILE = ideaFestival/Support/Info.plist;
				INFOPLIST_KEY_CFBundleDisplayName = "";
				INFOPLIST_KEY_LSApplicationCategoryType = "";
				INFOPLIST_KEY_UIApplicationSupportsIndirectInputEvents = YES;
				INFOPLIST_KEY_UILaunchStoryboardName = LaunchScreen;
				INFOPLIST_KEY_UISupportedInterfaceOrientations_iPad = "UIInterfaceOrientationPortrait UIInterfaceOrientationPortraitUpsideDown UIInterfaceOrientationLandscapeLeft UIInterfaceOrientationLandscapeRight";
				INFOPLIST_KEY_UISupportedInterfaceOrientations_iPhone = "UIInterfaceOrientationPortrait UIInterfaceOrientationLandscapeLeft UIInterfaceOrientationLandscapeRight";
				IPHONEOS_DEPLOYMENT_TARGET = 15.0;
				LD_RUNPATH_SEARCH_PATHS = (
					"$(inherited)",
					"@executable_path/Frameworks",
				);
				MARKETING_VERSION = 1.0;
				PRODUCT_BUNDLE_IDENTIFIER = class.ideaFestival;
				PRODUCT_NAME = "$(TARGET_NAME)";
				SWIFT_EMIT_LOC_STRINGS = YES;
				SWIFT_VERSION = 5.0;
				TARGETED_DEVICE_FAMILY = "1,2";
			};
			name = Release;
		};
/* End XCBuildConfiguration section */

/* Begin XCConfigurationList section */
		7886DCAB294DD81100D77AEE /* Build configuration list for PBXProject "ideaFestival" */ = {
			isa = XCConfigurationList;
			buildConfigurations = (
				7886DCC5294DD81200D77AEE /* Debug */,
				7886DCC6294DD81200D77AEE /* Release */,
			);
			defaultConfigurationIsVisible = 0;
			defaultConfigurationName = Debug;
		};
		7886DCC7294DD81200D77AEE /* Build configuration list for PBXNativeTarget "ideaFestival" */ = {
			isa = XCConfigurationList;
			buildConfigurations = (
				7886DCC8294DD81200D77AEE /* Debug */,
				7886DCC9294DD81200D77AEE /* Release */,
			);
			defaultConfigurationIsVisible = 0;
			defaultConfigurationName = Debug;
		};
/* End XCConfigurationList section */

/* Begin XCRemoteSwiftPackageReference section */
		787008982959DB41007A7BF7 /* XCRemoteSwiftPackageReference "firebase-ios-sdk" */ = {
			isa = XCRemoteSwiftPackageReference;
			repositoryURL = "https://github.com/firebase/firebase-ios-sdk.git";
			requirement = {
				kind = upToNextMajorVersion;
				minimumVersion = 10.3.0;
			};
		};
		7886DCD4294DE86300D77AEE /* XCRemoteSwiftPackageReference "SnapKit" */ = {
			isa = XCRemoteSwiftPackageReference;
			repositoryURL = "https://github.com/SnapKit/SnapKit";
			requirement = {
				kind = upToNextMajorVersion;
				minimumVersion = 5.0.0;
			};
		};
		7886DCD7294DE8F200D77AEE /* XCRemoteSwiftPackageReference "Then" */ = {
			isa = XCRemoteSwiftPackageReference;
			repositoryURL = "https://github.com/devxoul/Then";
			requirement = {
				branch = master;
				kind = branch;
			};
		};
/* End XCRemoteSwiftPackageReference section */

/* Begin XCSwiftPackageProductDependency section */
		787008992959DB41007A7BF7 /* FirebaseAuth */ = {
			isa = XCSwiftPackageProductDependency;
			package = 787008982959DB41007A7BF7 /* XCRemoteSwiftPackageReference "firebase-ios-sdk" */;
			productName = FirebaseAuth;
		};
		7870089B2959DB41007A7BF7 /* FirebaseAuthCombine-Community */ = {
			isa = XCSwiftPackageProductDependency;
			package = 787008982959DB41007A7BF7 /* XCRemoteSwiftPackageReference "firebase-ios-sdk" */;
			productName = "FirebaseAuthCombine-Community";
		};
		7870089D2959DB41007A7BF7 /* FirebaseFirestore */ = {
			isa = XCSwiftPackageProductDependency;
			package = 787008982959DB41007A7BF7 /* XCRemoteSwiftPackageReference "firebase-ios-sdk" */;
			productName = FirebaseFirestore;
		};
		7870089F2959DB41007A7BF7 /* FirebaseFirestoreCombine-Community */ = {
			isa = XCSwiftPackageProductDependency;
			package = 787008982959DB41007A7BF7 /* XCRemoteSwiftPackageReference "firebase-ios-sdk" */;
			productName = "FirebaseFirestoreCombine-Community";
		};
		787008A12959DB41007A7BF7 /* FirebaseFirestoreSwift */ = {
			isa = XCSwiftPackageProductDependency;
			package = 787008982959DB41007A7BF7 /* XCRemoteSwiftPackageReference "firebase-ios-sdk" */;
			productName = FirebaseFirestoreSwift;
		};
		787008A32959DB41007A7BF7 /* FirebaseStorage */ = {
			isa = XCSwiftPackageProductDependency;
			package = 787008982959DB41007A7BF7 /* XCRemoteSwiftPackageReference "firebase-ios-sdk" */;
			productName = FirebaseStorage;
		};
		787008A52959DB41007A7BF7 /* FirebaseStorageCombine-Community */ = {
			isa = XCSwiftPackageProductDependency;
			package = 787008982959DB41007A7BF7 /* XCRemoteSwiftPackageReference "firebase-ios-sdk" */;
			productName = "FirebaseStorageCombine-Community";
		};
		7886DCD5294DE86300D77AEE /* SnapKit */ = {
			isa = XCSwiftPackageProductDependency;
			package = 7886DCD4294DE86300D77AEE /* XCRemoteSwiftPackageReference "SnapKit" */;
			productName = SnapKit;
		};
		7886DCD8294DE8F200D77AEE /* Then */ = {
			isa = XCSwiftPackageProductDependency;
			package = 7886DCD7294DE8F200D77AEE /* XCRemoteSwiftPackageReference "Then" */;
			productName = Then;
		};
/* End XCSwiftPackageProductDependency section */

/* Begin XCVersionGroup section */
		7886DCBC294DD81100D77AEE /* ideaFestival.xcdatamodeld */ = {
			isa = XCVersionGroup;
			children = (
				7886DCBD294DD81100D77AEE /* ideaFestival.xcdatamodel */,
			);
			currentVersion = 7886DCBD294DD81100D77AEE /* ideaFestival.xcdatamodel */;
			path = ideaFestival.xcdatamodeld;
			sourceTree = "<group>";
			versionGroupType = wrapper.xcdatamodel;
		};
/* End XCVersionGroup section */
	};
	rootObject = 7886DCA8294DD81100D77AEE /* Project object */;
}
